
Microsoft Visual Studio Solution File, Format Version 12.00
# Visual Studio Version 16
VisualStudioVersion = 16.0.32630.194
MinimumVisualStudioVersion = 10.0.40219.1
Project("{FAE04EC0-301F-11D3-BF4B-00C04F79EFBC}") = "FundamentosCSHARP", "FundamentosCSHARP\FundamentosCSHARP.csproj", "{E013EC75-4DAB-4387-96B5-C2C6ACE98CA2}"
EndProject
Project("{FAE04EC0-301F-11D3-BF4B-00C04F79EFBC}") = "Arreglos", "Arreglos\Arreglos.csproj", "{42EEDBEA-5290-43DF-A575-C6D7F8017A01}"
EndProject
Global
	GlobalSection(SolutionConfigurationPlatforms) = preSolution
		Debug|Any CPU = Debug|Any CPU
		Release|Any CPU = Release|Any CPU
	EndGlobalSection
	GlobalSection(ProjectConfigurationPlatforms) = postSolution
		{E013EC75-4DAB-4387-96B5-C2C6ACE98CA2}.Debug|Any CPU.ActiveCfg = Debug|Any CPU
		{E013EC75-4DAB-4387-96B5-C2C6ACE98CA2}.Debug|Any CPU.Build.0 = Debug|Any CPU
		{E013EC75-4DAB-4387-96B5-C2C6ACE98CA2}.Release|Any CPU.ActiveCfg = Release|Any CPU
		{E013EC75-4DAB-4387-96B5-C2C6ACE98CA2}.Release|Any CPU.Build.0 = Release|Any CPU
		{42EEDBEA-5290-43DF-A575-C6D7F8017A01}.Debug|Any CPU.ActiveCfg = Debug|Any CPU
		{42EEDBEA-5290-43DF-A575-C6D7F8017A01}.Debug|Any CPU.Build.0 = Debug|Any CPU
		{42EEDBEA-5290-43DF-A575-C6D7F8017A01}.Release|Any CPU.ActiveCfg = Release|Any CPU
		{42EEDBEA-5290-43DF-A575-C6D7F8017A01}.Release|Any CPU.Build.0 = Release|Any CPU
	EndGlobalSection
	GlobalSection(SolutionProperties) = preSolution
		HideSolutionNode = FALSE
	EndGlobalSection
	GlobalSection(ExtensibilityGlobals) = postSolution
		SolutionGuid = {F672D2D0-0414-4C4E-BF76-48D9D1286CF5}
	EndGlobalSection
EndGlobal
