
Microsoft Visual Studio Solution File, Format Version 12.00
# Visual Studio Version 17
VisualStudioVersion = 17.3.32825.248
MinimumVisualStudioVersion = 10.0.40219.1
Project("{FAE04EC0-301F-11D3-BF4B-00C04F79EFBC}") = "Propertis", "Propertis\Propertis.csproj", "{B9248EA7-19EE-46B3-9385-7D278DCC1122}"
EndProject
Global
	GlobalSection(SolutionConfigurationPlatforms) = preSolution
		Debug|Any CPU = Debug|Any CPU
		Release|Any CPU = Release|Any CPU
	EndGlobalSection
	GlobalSection(ProjectConfigurationPlatforms) = postSolution
		{B9248EA7-19EE-46B3-9385-7D278DCC1122}.Debug|Any CPU.ActiveCfg = Debug|Any CPU
		{B9248EA7-19EE-46B3-9385-7D278DCC1122}.Debug|Any CPU.Build.0 = Debug|Any CPU
		{B9248EA7-19EE-46B3-9385-7D278DCC1122}.Release|Any CPU.ActiveCfg = Release|Any CPU
		{B9248EA7-19EE-46B3-9385-7D278DCC1122}.Release|Any CPU.Build.0 = Release|Any CPU
	EndGlobalSection
	GlobalSection(SolutionProperties) = preSolution
		HideSolutionNode = FALSE
	EndGlobalSection
	GlobalSection(ExtensibilityGlobals) = postSolution
		SolutionGuid = {D6C226E0-75D3-4B2D-BDEB-D01A3FC2CECC}
	EndGlobalSection
EndGlobal
